# THIS IS AN AUTOGENERATED FILE. DO NOT EDIT THIS FILE DIRECTLY.
# yarn lockfile v1


busuanzi.pure.js@^1.0.3:
  version "1.0.3"
  resolved "https://registry.npm.taobao.org/busuanzi.pure.js/download/busuanzi.pure.js-1.0.3.tgz#a03784db9e5b2c42a059b16551d2511933a46f5c"
  integrity sha1-oDeE255bLEKgWbFlUdJRGTOkb1w=
